// !$*UTF8*$!
{
	archiveVersion = 1;
	classes = {
	};
	objectVersion = 46;
	objects = {

/* Begin PBXBuildFile section */
		22B4AD5592894A9EEF4821A6 /* Pods_TomatoClock.framework in Frameworks */ = {isa = PBXBuildFile; fileRef = 980F3E3DF57096670AA3A1BC /* Pods_TomatoClock.framework */; settings = {ATTRIBUTES = (Weak, ); }; };
		442CA9261B05F7E7003B73B3 /* ModalViewController.swift in Sources */ = {isa = PBXBuildFile; fileRef = 442CA9251B05F7E7003B73B3 /* ModalViewController.swift */; };
		442CA9301B05FBF5003B73B3 /* TimeSetModalViewController.swift in Sources */ = {isa = PBXBuildFile; fileRef = 442CA92F1B05FBF5003B73B3 /* TimeSetModalViewController.swift */; };
		442CA9331B05FC2F003B73B3 /* RingSetModalViewController.swift in Sources */ = {isa = PBXBuildFile; fileRef = 442CA9311B05FC2F003B73B3 /* RingSetModalViewController.swift */; };
		442CA94F1B062105003B73B3 /* DismissingAnimator.m in Sources */ = {isa = PBXBuildFile; fileRef = 442CA94C1B062105003B73B3 /* DismissingAnimator.m */; };
		442CA9501B062105003B73B3 /* PresentingAnimator.m in Sources */ = {isa = PBXBuildFile; fileRef = 442CA94E1B062105003B73B3 /* PresentingAnimator.m */; };
		443733C91AB17DB400CE408F /* SystemConfiguration.framework in Frameworks */ = {isa = PBXBuildFile; fileRef = 443733C81AB17DB400CE408F /* SystemConfiguration.framework */; };
		443733CB1AB17DC700CE408F /* QuartzCore.framework in Frameworks */ = {isa = PBXBuildFile; fileRef = 443733CA1AB17DC700CE408F /* QuartzCore.framework */; };
		443733CD1AB17DD100CE408F /* CoreTelephony.framework in Frameworks */ = {isa = PBXBuildFile; fileRef = 443733CC1AB17DD100CE408F /* CoreTelephony.framework */; };
		443733CF1AB17DDC00CE408F /* libicucore.dylib in Frameworks */ = {isa = PBXBuildFile; fileRef = 443733CE1AB17DDC00CE408F /* libicucore.dylib */; };
		443733D11AB17DE800CE408F /* libz.1.2.5.dylib in Frameworks */ = {isa = PBXBuildFile; fileRef = 443733D01AB17DE700CE408F /* libz.1.2.5.dylib */; };
		443733D31AB17DF200CE408F /* Security.framework in Frameworks */ = {isa = PBXBuildFile; fileRef = 443733D21AB17DF200CE408F /* Security.framework */; };
		443733D51AB17E0000CE408F /* ImageIO.framework in Frameworks */ = {isa = PBXBuildFile; fileRef = 443733D41AB17E0000CE408F /* ImageIO.framework */; };
		443733D71AB17E0F00CE408F /* Social.framework in Frameworks */ = {isa = PBXBuildFile; fileRef = 443733D61AB17E0F00CE408F /* Social.framework */; };
		443733D91AB17E1700CE408F /* Accounts.framework in Frameworks */ = {isa = PBXBuildFile; fileRef = 443733D81AB17E1700CE408F /* Accounts.framework */; };
		443733DB1AB17E2E00CE408F /* libstdc++.dylib in Frameworks */ = {isa = PBXBuildFile; fileRef = 443733DA1AB17E2E00CE408F /* libstdc++.dylib */; };
		443733DD1AB17E3A00CE408F /* libsqlite3.dylib in Frameworks */ = {isa = PBXBuildFile; fileRef = 443733DC1AB17E3A00CE408F /* libsqlite3.dylib */; };
		44D515F51B03830C00592221 /* ShowShareSDK.m in Sources */ = {isa = PBXBuildFile; fileRef = 44D515F41B03830C00592221 /* ShowShareSDK.m */; };
		44D515FA1B03834300592221 /* RingSelectView.swift in Sources */ = {isa = PBXBuildFile; fileRef = 44D515F61B03834300592221 /* RingSelectView.swift */; };
		44D515FB1B03834300592221 /* RingSelectView.xib in Resources */ = {isa = PBXBuildFile; fileRef = 44D515F71B03834300592221 /* RingSelectView.xib */; };
		44D515FC1B03834300592221 /* TimeSettingView.swift in Sources */ = {isa = PBXBuildFile; fileRef = 44D515F81B03834300592221 /* TimeSettingView.swift */; };
		44D515FD1B03834300592221 /* TimeSettingView.xib in Resources */ = {isa = PBXBuildFile; fileRef = 44D515F91B03834300592221 /* TimeSettingView.xib */; };
		44D515FF1B03836600592221 /* KYCircularProgress.swift in Sources */ = {isa = PBXBuildFile; fileRef = 44D515FE1B03836600592221 /* KYCircularProgress.swift */; };
		44D516061B03839B00592221 /* AboutViewController.swift in Sources */ = {isa = PBXBuildFile; fileRef = 44D516001B03839B00592221 /* AboutViewController.swift */; };
		44D516071B03839B00592221 /* CheckViewController.swift in Sources */ = {isa = PBXBuildFile; fileRef = 44D516011B03839B00592221 /* CheckViewController.swift */; };
		44D516081B03839B00592221 /* RestViewController.swift in Sources */ = {isa = PBXBuildFile; fileRef = 44D516021B03839B00592221 /* RestViewController.swift */; };
		44D516091B03839B00592221 /* SettingViewController.swift in Sources */ = {isa = PBXBuildFile; fileRef = 44D516031B03839B00592221 /* SettingViewController.swift */; };
		44D5160A1B03839B00592221 /* TomatoViewController.swift in Sources */ = {isa = PBXBuildFile; fileRef = 44D516041B03839B00592221 /* TomatoViewController.swift */; };
		44D5160B1B03839B00592221 /* ViewController.swift in Sources */ = {isa = PBXBuildFile; fileRef = 44D516051B03839B00592221 /* ViewController.swift */; };
		44D5160D1B0383BC00592221 /* Macros.swift in Sources */ = {isa = PBXBuildFile; fileRef = 44D5160C1B0383BC00592221 /* Macros.swift */; };
		44D516201B03842C00592221 /* Alarm.m4r in Resources */ = {isa = PBXBuildFile; fileRef = 44D5160F1B03842C00592221 /* Alarm.m4r */; };
		44D516211B03842C00592221 /* Apex.m4r in Resources */ = {isa = PBXBuildFile; fileRef = 44D516101B03842C00592221 /* Apex.m4r */; };
		44D516221B03842C00592221 /* Ascending.m4r in Resources */ = {isa = PBXBuildFile; fileRef = 44D516111B03842C00592221 /* Ascending.m4r */; };
		44D516231B03842C00592221 /* Bark.m4r in Resources */ = {isa = PBXBuildFile; fileRef = 44D516121B03842C00592221 /* Bark.m4r */; };
		44D516241B03842C00592221 /* Beacon.m4r in Resources */ = {isa = PBXBuildFile; fileRef = 44D516131B03842C00592221 /* Beacon.m4r */; };
		44D516251B03842C00592221 /* BellTower.m4r in Resources */ = {isa = PBXBuildFile; fileRef = 44D516141B03842C00592221 /* BellTower.m4r */; };
		44D516261B03842C00592221 /* Blues.m4r in Resources */ = {isa = PBXBuildFile; fileRef = 44D516151B03842C00592221 /* Blues.m4r */; };
		44D516271B03842C00592221 /* Boing.m4r in Resources */ = {isa = PBXBuildFile; fileRef = 44D516161B03842C00592221 /* Boing.m4r */; };
		44D516281B03842C00592221 /* Bulletin.m4r in Resources */ = {isa = PBXBuildFile; fileRef = 44D516171B03842C00592221 /* Bulletin.m4r */; };
		44D516291B03842C00592221 /* ByTheSeaside.m4r in Resources */ = {isa = PBXBuildFile; fileRef = 44D516181B03842C00592221 /* ByTheSeaside.m4r */; };
		44D5162A1B03842C00592221 /* Chimes.m4r in Resources */ = {isa = PBXBuildFile; fileRef = 44D516191B03842C00592221 /* Chimes.m4r */; };
		44D5162B1B03842C00592221 /* Circuit.m4r in Resources */ = {isa = PBXBuildFile; fileRef = 44D5161A1B03842C00592221 /* Circuit.m4r */; };
		44D5162C1B03842C00592221 /* Constellation.m4r in Resources */ = {isa = PBXBuildFile; fileRef = 44D5161B1B03842C00592221 /* Constellation.m4r */; };
		44D5162D1B03842C00592221 /* Cosmic.m4r in Resources */ = {isa = PBXBuildFile; fileRef = 44D5161C1B03842C00592221 /* Cosmic.m4r */; };
		44D5162E1B03842C00592221 /* Crickets.m4r in Resources */ = {isa = PBXBuildFile; fileRef = 44D5161D1B03842C00592221 /* Crickets.m4r */; };
		44D5162F1B03842C00592221 /* Crystals.m4r in Resources */ = {isa = PBXBuildFile; fileRef = 44D5161E1B03842C00592221 /* Crystals.m4r */; };
		44D516301B03842C00592221 /* Digital.m4r in Resources */ = {isa = PBXBuildFile; fileRef = 44D5161F1B03842C00592221 /* Digital.m4r */; };
		44D516321B03844A00592221 /* sound.plist in Resources */ = {isa = PBXBuildFile; fileRef = 44D516311B03844A00592221 /* sound.plist */; };
		44D516511B03848B00592221 /* QZoneConnection.framework in Frameworks */ = {isa = PBXBuildFile; fileRef = 44D516351B03848B00592221 /* QZoneConnection.framework */; };
		44D516521B03848B00592221 /* SinaWeiboConnection.framework in Frameworks */ = {isa = PBXBuildFile; fileRef = 44D516361B03848B00592221 /* SinaWeiboConnection.framework */; };
		44D516531B03848B00592221 /* WeChatConnection.framework in Frameworks */ = {isa = PBXBuildFile; fileRef = 44D516371B03848B00592221 /* WeChatConnection.framework */; };
		44D516541B03848B00592221 /* AGCommon.framework in Frameworks */ = {isa = PBXBuildFile; fileRef = 44D516391B03848B00592221 /* AGCommon.framework */; };
		44D516551B03848C00592221 /* ShareSDKLocalizable.strings in Resources */ = {isa = PBXBuildFile; fileRef = 44D5163A1B03848B00592221 /* ShareSDKLocalizable.strings */; };
		44D516561B03848C00592221 /* Resource.bundle in Resources */ = {isa = PBXBuildFile; fileRef = 44D5163C1B03848B00592221 /* Resource.bundle */; };
		44D516571B03848C00592221 /* ShareSDKCoreService.framework in Frameworks */ = {isa = PBXBuildFile; fileRef = 44D5163D1B03848B00592221 /* ShareSDKCoreService.framework */; };
		44D516581B03848C00592221 /* TencentOpenAPI.framework in Frameworks */ = {isa = PBXBuildFile; fileRef = 44D516411B03848B00592221 /* TencentOpenAPI.framework */; };
		44D516591B03848C00592221 /* TencentOpenApi_IOS_Bundle.bundle in Resources */ = {isa = PBXBuildFile; fileRef = 44D516421B03848B00592221 /* TencentOpenApi_IOS_Bundle.bundle */; };
		44D5165A1B03848C00592221 /* libWeiboSDK.a in Frameworks */ = {isa = PBXBuildFile; fileRef = 44D516441B03848B00592221 /* libWeiboSDK.a */; };
		44D5165B1B03848C00592221 /* WeiboSDK.bundle in Resources */ = {isa = PBXBuildFile; fileRef = 44D516451B03848B00592221 /* WeiboSDK.bundle */; };
		44D5165C1B03848C00592221 /* libWeChatSDK.a in Frameworks */ = {isa = PBXBuildFile; fileRef = 44D516481B03848B00592221 /* libWeChatSDK.a */; };
		44D5165D1B03848C00592221 /* icon_76.png in Resources */ = {isa = PBXBuildFile; fileRef = 44D5164B1B03848B00592221 /* icon_76.png */; };
		44D5165E1B03848C00592221 /* ShareSDK.framework in Frameworks */ = {isa = PBXBuildFile; fileRef = 44D5164C1B03848B00592221 /* ShareSDK.framework */; };
		44D5165F1B03848C00592221 /* ShareSDKFlatShareViewUI.bundle in Resources */ = {isa = PBXBuildFile; fileRef = 44D5164E1B03848B00592221 /* ShareSDKFlatShareViewUI.bundle */; };
		44D516601B03848C00592221 /* ShareSDKFlatShareViewUI.framework in Frameworks */ = {isa = PBXBuildFile; fileRef = 44D5164F1B03848B00592221 /* ShareSDKFlatShareViewUI.framework */; };
		44D516611B03848C00592221 /* ShareSDKShareActionSheet.framework in Frameworks */ = {isa = PBXBuildFile; fileRef = 44D516501B03848B00592221 /* ShareSDKShareActionSheet.framework */; };
		44D516631B0384B800592221 /* Conguration.swift in Sources */ = {isa = PBXBuildFile; fileRef = 44D516621B0384B800592221 /* Conguration.swift */; };
		44D516671B03851200592221 /* Images.xcassets in Resources */ = {isa = PBXBuildFile; fileRef = 44D516661B03851200592221 /* Images.xcassets */; };
		44EAC7991A27ECAB00B461E2 /* AppDelegate.swift in Sources */ = {isa = PBXBuildFile; fileRef = 44EAC7981A27ECAB00B461E2 /* AppDelegate.swift */; };
		44EAC79E1A27ECAB00B461E2 /* Main.storyboard in Resources */ = {isa = PBXBuildFile; fileRef = 44EAC79C1A27ECAB00B461E2 /* Main.storyboard */; };
		44EAC7AF1A27ECAB00B461E2 /* TomatoClockTests.swift in Sources */ = {isa = PBXBuildFile; fileRef = 44EAC7AE1A27ECAB00B461E2 /* TomatoClockTests.swift */; };
/* End PBXBuildFile section */

/* Begin PBXContainerItemProxy section */
		44EAC7A91A27ECAB00B461E2 /* PBXContainerItemProxy */ = {
			isa = PBXContainerItemProxy;
			containerPortal = 44EAC78B1A27ECAB00B461E2 /* Project object */;
			proxyType = 1;
			remoteGlobalIDString = 44EAC7921A27ECAB00B461E2;
			remoteInfo = TomatoClock;
		};
/* End PBXContainerItemProxy section */

/* Begin PBXFileReference section */
		00DAFCB1DE2EF02CAC7D6CCE /* Pods-TomatoClock.debug.xcconfig */ = {isa = PBXFileReference; includeInIndex = 1; lastKnownFileType = text.xcconfig; name = "Pods-TomatoClock.debug.xcconfig"; path = "Pods/Target Support Files/Pods-TomatoClock/Pods-TomatoClock.debug.xcconfig"; sourceTree = "<group>"; };
		442CA9251B05F7E7003B73B3 /* ModalViewController.swift */ = {isa = PBXFileReference; fileEncoding = 4; lastKnownFileType = sourcecode.swift; path = ModalViewController.swift; sourceTree = "<group>"; };
		442CA92F1B05FBF5003B73B3 /* TimeSetModalViewController.swift */ = {isa = PBXFileReference; fileEncoding = 4; lastKnownFileType = sourcecode.swift; path = TimeSetModalViewController.swift; sourceTree = "<group>"; };
		442CA9311B05FC2F003B73B3 /* RingSetModalViewController.swift */ = {isa = PBXFileReference; fileEncoding = 4; lastKnownFileType = sourcecode.swift; path = RingSetModalViewController.swift; sourceTree = "<group>"; };
		442CA94B1B062105003B73B3 /* DismissingAnimator.h */ = {isa = PBXFileReference; fileEncoding = 4; lastKnownFileType = sourcecode.c.h; path = DismissingAnimator.h; sourceTree = "<group>"; };
		442CA94C1B062105003B73B3 /* DismissingAnimator.m */ = {isa = PBXFileReference; fileEncoding = 4; lastKnownFileType = sourcecode.c.objc; path = DismissingAnimator.m; sourceTree = "<group>"; };
		442CA94D1B062105003B73B3 /* PresentingAnimator.h */ = {isa = PBXFileReference; fileEncoding = 4; lastKnownFileType = sourcecode.c.h; path = PresentingAnimator.h; sourceTree = "<group>"; };
		442CA94E1B062105003B73B3 /* PresentingAnimator.m */ = {isa = PBXFileReference; fileEncoding = 4; lastKnownFileType = sourcecode.c.objc; path = PresentingAnimator.m; sourceTree = "<group>"; };
		443733C81AB17DB400CE408F /* SystemConfiguration.framework */ = {isa = PBXFileReference; lastKnownFileType = wrapper.framework; name = SystemConfiguration.framework; path = System/Library/Frameworks/SystemConfiguration.framework; sourceTree = SDKROOT; };
		443733CA1AB17DC700CE408F /* QuartzCore.framework */ = {isa = PBXFileReference; lastKnownFileType = wrapper.framework; name = QuartzCore.framework; path = System/Library/Frameworks/QuartzCore.framework; sourceTree = SDKROOT; };
		443733CC1AB17DD100CE408F /* CoreTelephony.framework */ = {isa = PBXFileReference; lastKnownFileType = wrapper.framework; name = CoreTelephony.framework; path = System/Library/Frameworks/CoreTelephony.framework; sourceTree = SDKROOT; };
		443733CE1AB17DDC00CE408F /* libicucore.dylib */ = {isa = PBXFileReference; lastKnownFileType = "compiled.mach-o.dylib"; name = libicucore.dylib; path = usr/lib/libicucore.dylib; sourceTree = SDKROOT; };
		443733D01AB17DE700CE408F /* libz.1.2.5.dylib */ = {isa = PBXFileReference; lastKnownFileType = "compiled.mach-o.dylib"; name = libz.1.2.5.dylib; path = usr/lib/libz.1.2.5.dylib; sourceTree = SDKROOT; };
		443733D21AB17DF200CE408F /* Security.framework */ = {isa = PBXFileReference; lastKnownFileType = wrapper.framework; name = Security.framework; path = System/Library/Frameworks/Security.framework; sourceTree = SDKROOT; };
		443733D41AB17E0000CE408F /* ImageIO.framework */ = {isa = PBXFileReference; lastKnownFileType = wrapper.framework; name = ImageIO.framework; path = System/Library/Frameworks/ImageIO.framework; sourceTree = SDKROOT; };
		443733D61AB17E0F00CE408F /* Social.framework */ = {isa = PBXFileReference; lastKnownFileType = wrapper.framework; name = Social.framework; path = System/Library/Frameworks/Social.framework; sourceTree = SDKROOT; };
		443733D81AB17E1700CE408F /* Accounts.framework */ = {isa = PBXFileReference; lastKnownFileType = wrapper.framework; name = Accounts.framework; path = System/Library/Frameworks/Accounts.framework; sourceTree = SDKROOT; };
		443733DA1AB17E2E00CE408F /* libstdc++.dylib */ = {isa = PBXFileReference; lastKnownFileType = "compiled.mach-o.dylib"; name = "libstdc++.dylib"; path = "usr/lib/libstdc++.dylib"; sourceTree = SDKROOT; };
		443733DC1AB17E3A00CE408F /* libsqlite3.dylib */ = {isa = PBXFileReference; lastKnownFileType = "compiled.mach-o.dylib"; name = libsqlite3.dylib; path = usr/lib/libsqlite3.dylib; sourceTree = SDKROOT; };
		44D515F31B03830C00592221 /* ShowShareSDK.h */ = {isa = PBXFileReference; fileEncoding = 4; lastKnownFileType = sourcecode.c.h; path = ShowShareSDK.h; sourceTree = "<group>"; };
		44D515F41B03830C00592221 /* ShowShareSDK.m */ = {isa = PBXFileReference; fileEncoding = 4; lastKnownFileType = sourcecode.c.objc; path = ShowShareSDK.m; sourceTree = "<group>"; };
		44D515F61B03834300592221 /* RingSelectView.swift */ = {isa = PBXFileReference; fileEncoding = 4; lastKnownFileType = sourcecode.swift; path = RingSelectView.swift; sourceTree = "<group>"; };
		44D515F71B03834300592221 /* RingSelectView.xib */ = {isa = PBXFileReference; fileEncoding = 4; lastKnownFileType = file.xib; path = RingSelectView.xib; sourceTree = "<group>"; };
		44D515F81B03834300592221 /* TimeSettingView.swift */ = {isa = PBXFileReference; fileEncoding = 4; lastKnownFileType = sourcecode.swift; path = TimeSettingView.swift; sourceTree = "<group>"; };
		44D515F91B03834300592221 /* TimeSettingView.xib */ = {isa = PBXFileReference; fileEncoding = 4; lastKnownFileType = file.xib; path = TimeSettingView.xib; sourceTree = "<group>"; };
		44D515FE1B03836600592221 /* KYCircularProgress.swift */ = {isa = PBXFileReference; fileEncoding = 4; lastKnownFileType = sourcecode.swift; path = KYCircularProgress.swift; sourceTree = "<group>"; };
		44D516001B03839B00592221 /* AboutViewController.swift */ = {isa = PBXFileReference; fileEncoding = 4; lastKnownFileType = sourcecode.swift; path = AboutViewController.swift; sourceTree = "<group>"; };
		44D516011B03839B00592221 /* CheckViewController.swift */ = {isa = PBXFileReference; fileEncoding = 4; lastKnownFileType = sourcecode.swift; path = CheckViewController.swift; sourceTree = "<group>"; };
		44D516021B03839B00592221 /* RestViewController.swift */ = {isa = PBXFileReference; fileEncoding = 4; lastKnownFileType = sourcecode.swift; path = RestViewController.swift; sourceTree = "<group>"; };
		44D516031B03839B00592221 /* SettingViewController.swift */ = {isa = PBXFileReference; fileEncoding = 4; lastKnownFileType = sourcecode.swift; path = SettingViewController.swift; sourceTree = "<group>"; };
		44D516041B03839B00592221 /* TomatoViewController.swift */ = {isa = PBXFileReference; fileEncoding = 4; lastKnownFileType = sourcecode.swift; path = TomatoViewController.swift; sourceTree = "<group>"; };
		44D516051B03839B00592221 /* ViewController.swift */ = {isa = PBXFileReference; fileEncoding = 4; lastKnownFileType = sourcecode.swift; path = ViewController.swift; sourceTree = "<group>"; };
		44D5160C1B0383BC00592221 /* Macros.swift */ = {isa = PBXFileReference; fileEncoding = 4; lastKnownFileType = sourcecode.swift; path = Macros.swift; sourceTree = "<group>"; };
		44D5160F1B03842C00592221 /* Alarm.m4r */ = {isa = PBXFileReference; lastKnownFileType = file; path = Alarm.m4r; sourceTree = "<group>"; };
		44D516101B03842C00592221 /* Apex.m4r */ = {isa = PBXFileReference; lastKnownFileType = file; path = Apex.m4r; sourceTree = "<group>"; };
		44D516111B03842C00592221 /* Ascending.m4r */ = {isa = PBXFileReference; lastKnownFileType = file; path = Ascending.m4r; sourceTree = "<group>"; };
		44D516121B03842C00592221 /* Bark.m4r */ = {isa = PBXFileReference; lastKnownFileType = file; path = Bark.m4r; sourceTree = "<group>"; };
		44D516131B03842C00592221 /* Beacon.m4r */ = {isa = PBXFileReference; lastKnownFileType = file; path = Beacon.m4r; sourceTree = "<group>"; };
		44D516141B03842C00592221 /* BellTower.m4r */ = {isa = PBXFileReference; lastKnownFileType = file; path = BellTower.m4r; sourceTree = "<group>"; };
		44D516151B03842C00592221 /* Blues.m4r */ = {isa = PBXFileReference; lastKnownFileType = file; path = Blues.m4r; sourceTree = "<group>"; };
		44D516161B03842C00592221 /* Boing.m4r */ = {isa = PBXFileReference; lastKnownFileType = file; path = Boing.m4r; sourceTree = "<group>"; };
		44D516171B03842C00592221 /* Bulletin.m4r */ = {isa = PBXFileReference; lastKnownFileType = file; path = Bulletin.m4r; sourceTree = "<group>"; };
		44D516181B03842C00592221 /* ByTheSeaside.m4r */ = {isa = PBXFileReference; lastKnownFileType = file; path = ByTheSeaside.m4r; sourceTree = "<group>"; };
		44D516191B03842C00592221 /* Chimes.m4r */ = {isa = PBXFileReference; lastKnownFileType = file; path = Chimes.m4r; sourceTree = "<group>"; };
		44D5161A1B03842C00592221 /* Circuit.m4r */ = {isa = PBXFileReference; lastKnownFileType = file; path = Circuit.m4r; sourceTree = "<group>"; };
		44D5161B1B03842C00592221 /* Constellation.m4r */ = {isa = PBXFileReference; lastKnownFileType = file; path = Constellation.m4r; sourceTree = "<group>"; };
		44D5161C1B03842C00592221 /* Cosmic.m4r */ = {isa = PBXFileReference; lastKnownFileType = file; path = Cosmic.m4r; sourceTree = "<group>"; };
		44D5161D1B03842C00592221 /* Crickets.m4r */ = {isa = PBXFileReference; lastKnownFileType = file; path = Crickets.m4r; sourceTree = "<group>"; };
		44D5161E1B03842C00592221 /* Crystals.m4r */ = {isa = PBXFileReference; lastKnownFileType = file; path = Crystals.m4r; sourceTree = "<group>"; };
		44D5161F1B03842C00592221 /* Digital.m4r */ = {isa = PBXFileReference; lastKnownFileType = file; path = Digital.m4r; sourceTree = "<group>"; };
		44D516311B03844A00592221 /* sound.plist */ = {isa = PBXFileReference; fileEncoding = 4; lastKnownFileType = text.plist.xml; path = sound.plist; sourceTree = "<group>"; };
		44D516351B03848B00592221 /* QZoneConnection.framework */ = {isa = PBXFileReference; lastKnownFileType = wrapper.framework; path = QZoneConnection.framework; sourceTree = "<group>"; };
		44D516361B03848B00592221 /* SinaWeiboConnection.framework */ = {isa = PBXFileReference; lastKnownFileType = wrapper.framework; path = SinaWeiboConnection.framework; sourceTree = "<group>"; };
		44D516371B03848B00592221 /* WeChatConnection.framework */ = {isa = PBXFileReference; lastKnownFileType = wrapper.framework; path = WeChatConnection.framework; sourceTree = "<group>"; };
		44D516391B03848B00592221 /* AGCommon.framework */ = {isa = PBXFileReference; lastKnownFileType = wrapper.framework; path = AGCommon.framework; sourceTree = "<group>"; };
		44D5163B1B03848B00592221 /* en */ = {isa = PBXFileReference; lastKnownFileType = text.plist.strings; name = en; path = en.lproj/ShareSDKLocalizable.strings; sourceTree = "<group>"; };
		44D5163C1B03848B00592221 /* Resource.bundle */ = {isa = PBXFileReference; lastKnownFileType = "wrapper.plug-in"; path = Resource.bundle; sourceTree = "<group>"; };
		44D5163D1B03848B00592221 /* ShareSDKCoreService.framework */ = {isa = PBXFileReference; lastKnownFileType = wrapper.framework; path = ShareSDKCoreService.framework; sourceTree = "<group>"; };
		44D5163E1B03848B00592221 /* zh-Hans */ = {isa = PBXFileReference; lastKnownFileType = text.plist.strings; name = "zh-Hans"; path = "zh-Hans.lproj/ShareSDKLocalizable.strings"; sourceTree = "<group>"; };
		44D516411B03848B00592221 /* TencentOpenAPI.framework */ = {isa = PBXFileReference; lastKnownFileType = wrapper.framework; path = TencentOpenAPI.framework; sourceTree = "<group>"; };
		44D516421B03848B00592221 /* TencentOpenApi_IOS_Bundle.bundle */ = {isa = PBXFileReference; lastKnownFileType = "wrapper.plug-in"; path = TencentOpenApi_IOS_Bundle.bundle; sourceTree = "<group>"; };
		44D516441B03848B00592221 /* libWeiboSDK.a */ = {isa = PBXFileReference; lastKnownFileType = archive.ar; path = libWeiboSDK.a; sourceTree = "<group>"; };
		44D516451B03848B00592221 /* WeiboSDK.bundle */ = {isa = PBXFileReference; lastKnownFileType = "wrapper.plug-in"; path = WeiboSDK.bundle; sourceTree = "<group>"; };
		44D516461B03848B00592221 /* WeiboSDK.h */ = {isa = PBXFileReference; fileEncoding = 4; lastKnownFileType = sourcecode.c.h; path = WeiboSDK.h; sourceTree = "<group>"; };
		44D516481B03848B00592221 /* libWeChatSDK.a */ = {isa = PBXFileReference; lastKnownFileType = archive.ar; path = libWeChatSDK.a; sourceTree = "<group>"; };
		44D516491B03848B00592221 /* WXApi.h */ = {isa = PBXFileReference; fileEncoding = 4; lastKnownFileType = sourcecode.c.h; path = WXApi.h; sourceTree = "<group>"; };
		44D5164A1B03848B00592221 /* WXApiObject.h */ = {isa = PBXFileReference; fileEncoding = 4; lastKnownFileType = sourcecode.c.h; path = WXApiObject.h; sourceTree = "<group>"; };
		44D5164B1B03848B00592221 /* icon_76.png */ = {isa = PBXFileReference; lastKnownFileType = image.png; path = icon_76.png; sourceTree = "<group>"; };
		44D5164C1B03848B00592221 /* ShareSDK.framework */ = {isa = PBXFileReference; lastKnownFileType = wrapper.framework; path = ShareSDK.framework; sourceTree = "<group>"; };
		44D5164E1B03848B00592221 /* ShareSDKFlatShareViewUI.bundle */ = {isa = PBXFileReference; lastKnownFileType = "wrapper.plug-in"; path = ShareSDKFlatShareViewUI.bundle; sourceTree = "<group>"; };
		44D5164F1B03848B00592221 /* ShareSDKFlatShareViewUI.framework */ = {isa = PBXFileReference; lastKnownFileType = wrapper.framework; path = ShareSDKFlatShareViewUI.framework; sourceTree = "<group>"; };
		44D516501B03848B00592221 /* ShareSDKShareActionSheet.framework */ = {isa = PBXFileReference; lastKnownFileType = wrapper.framework; path = ShareSDKShareActionSheet.framework; sourceTree = "<group>"; };
		44D516621B0384B800592221 /* Conguration.swift */ = {isa = PBXFileReference; fileEncoding = 4; lastKnownFileType = sourcecode.swift; path = Conguration.swift; sourceTree = "<group>"; };
		44D516661B03851200592221 /* Images.xcassets */ = {isa = PBXFileReference; lastKnownFileType = folder.assetcatalog; path = Images.xcassets; sourceTree = "<group>"; };
		44D516681B03857C00592221 /* TomatoClock-Bridging-Header.h */ = {isa = PBXFileReference; fileEncoding = 4; lastKnownFileType = sourcecode.c.h; path = "TomatoClock-Bridging-Header.h"; sourceTree = "<group>"; };
		44EAC7931A27ECAB00B461E2 /* TomatoClock.app */ = {isa = PBXFileReference; explicitFileType = wrapper.application; includeInIndex = 0; path = TomatoClock.app; sourceTree = BUILT_PRODUCTS_DIR; };
		44EAC7971A27ECAB00B461E2 /* Info.plist */ = {isa = PBXFileReference; lastKnownFileType = text.plist.xml; path = Info.plist; sourceTree = "<group>"; };
		44EAC7981A27ECAB00B461E2 /* AppDelegate.swift */ = {isa = PBXFileReference; lastKnownFileType = sourcecode.swift; path = AppDelegate.swift; sourceTree = "<group>"; };
		44EAC79D1A27ECAB00B461E2 /* Base */ = {isa = PBXFileReference; lastKnownFileType = file.storyboard; name = Base; path = Base.lproj/Main.storyboard; sourceTree = "<group>"; };
		44EAC7A81A27ECAB00B461E2 /* TomatoClockTests.xctest */ = {isa = PBXFileReference; explicitFileType = wrapper.cfbundle; includeInIndex = 0; path = TomatoClockTests.xctest; sourceTree = BUILT_PRODUCTS_DIR; };
		44EAC7AD1A27ECAB00B461E2 /* Info.plist */ = {isa = PBXFileReference; lastKnownFileType = text.plist.xml; path = Info.plist; sourceTree = "<group>"; };
		44EAC7AE1A27ECAB00B461E2 /* TomatoClockTests.swift */ = {isa = PBXFileReference; lastKnownFileType = sourcecode.swift; path = TomatoClockTests.swift; sourceTree = "<group>"; };
		764D114E2618F123FD5E9DB8 /* Pods-TomatoClock.release.xcconfig */ = {isa = PBXFileReference; includeInIndex = 1; lastKnownFileType = text.xcconfig; name = "Pods-TomatoClock.release.xcconfig"; path = "Pods/Target Support Files/Pods-TomatoClock/Pods-TomatoClock.release.xcconfig"; sourceTree = "<group>"; };
		980F3E3DF57096670AA3A1BC /* Pods_TomatoClock.framework */ = {isa = PBXFileReference; explicitFileType = wrapper.framework; includeInIndex = 0; path = Pods_TomatoClock.framework; sourceTree = BUILT_PRODUCTS_DIR; };
/* End PBXFileReference section */

/* Begin PBXFrameworksBuildPhase section */
		44EAC7901A27ECAB00B461E2 /* Frameworks */ = {
			isa = PBXFrameworksBuildPhase;
			buildActionMask = 2147483647;
			files = (
				443733DD1AB17E3A00CE408F /* libsqlite3.dylib in Frameworks */,
				44D516611B03848C00592221 /* ShareSDKShareActionSheet.framework in Frameworks */,
				44D516521B03848B00592221 /* SinaWeiboConnection.framework in Frameworks */,
				443733DB1AB17E2E00CE408F /* libstdc++.dylib in Frameworks */,
				44D516511B03848B00592221 /* QZoneConnection.framework in Frameworks */,
				443733D91AB17E1700CE408F /* Accounts.framework in Frameworks */,
				443733D71AB17E0F00CE408F /* Social.framework in Frameworks */,
				44D516541B03848B00592221 /* AGCommon.framework in Frameworks */,
				44D516581B03848C00592221 /* TencentOpenAPI.framework in Frameworks */,
				443733D51AB17E0000CE408F /* ImageIO.framework in Frameworks */,
				44D516571B03848C00592221 /* ShareSDKCoreService.framework in Frameworks */,
				443733D31AB17DF200CE408F /* Security.framework in Frameworks */,
				443733D11AB17DE800CE408F /* libz.1.2.5.dylib in Frameworks */,
				44D516601B03848C00592221 /* ShareSDKFlatShareViewUI.framework in Frameworks */,
				44D5165C1B03848C00592221 /* libWeChatSDK.a in Frameworks */,
				443733CF1AB17DDC00CE408F /* libicucore.dylib in Frameworks */,
				44D5165A1B03848C00592221 /* libWeiboSDK.a in Frameworks */,
				44D516531B03848B00592221 /* WeChatConnection.framework in Frameworks */,
				443733CD1AB17DD100CE408F /* CoreTelephony.framework in Frameworks */,
				443733CB1AB17DC700CE408F /* QuartzCore.framework in Frameworks */,
				443733C91AB17DB400CE408F /* SystemConfiguration.framework in Frameworks */,
				44D5165E1B03848C00592221 /* ShareSDK.framework in Frameworks */,
				22B4AD5592894A9EEF4821A6 /* Pods_TomatoClock.framework in Frameworks */,
			);
			runOnlyForDeploymentPostprocessing = 0;
		};
		44EAC7A51A27ECAB00B461E2 /* Frameworks */ = {
			isa = PBXFrameworksBuildPhase;
			buildActionMask = 2147483647;
			files = (
			);
			runOnlyForDeploymentPostprocessing = 0;
		};
/* End PBXFrameworksBuildPhase section */

/* Begin PBXGroup section */
		442CA9221B05F7C4003B73B3 /* CustomTransition */ = {
			isa = PBXGroup;
			children = (
				442CA9241B05F7C4003B73B3 /* Modal */,
			);
			path = CustomTransition;
			sourceTree = "<group>";
		};
		442CA9241B05F7C4003B73B3 /* Modal */ = {
			isa = PBXGroup;
			children = (
				442CA9251B05F7E7003B73B3 /* ModalViewController.swift */,
			);
			path = Modal;
			sourceTree = "<group>";
		};
		44A7CAFD1AB82D2D0008E587 /* Frameworks */ = {
			isa = PBXGroup;
			children = (
				443733DC1AB17E3A00CE408F /* libsqlite3.dylib */,
				443733DA1AB17E2E00CE408F /* libstdc++.dylib */,
				443733D81AB17E1700CE408F /* Accounts.framework */,
				443733D61AB17E0F00CE408F /* Social.framework */,
				443733D41AB17E0000CE408F /* ImageIO.framework */,
				443733D21AB17DF200CE408F /* Security.framework */,
				443733D01AB17DE700CE408F /* libz.1.2.5.dylib */,
				443733CE1AB17DDC00CE408F /* libicucore.dylib */,
				443733CC1AB17DD100CE408F /* CoreTelephony.framework */,
				443733CA1AB17DC700CE408F /* QuartzCore.framework */,
				443733C81AB17DB400CE408F /* SystemConfiguration.framework */,
				980F3E3DF57096670AA3A1BC /* Pods_TomatoClock.framework */,
			);
			name = Frameworks;
			sourceTree = "<group>";
		};
		44D515EB1B0381F100592221 /* General */ = {
			isa = PBXGroup;
			children = (
				44D515F21B03822500592221 /* OC */,
				44D515EC1B0381F100592221 /* Helpers */,
				44D515ED1B0381F100592221 /* Vendors */,
				44D515EE1B0381F100592221 /* Views */,
			);
			path = General;
			sourceTree = "<group>";
		};
		44D515EC1B0381F100592221 /* Helpers */ = {
			isa = PBXGroup;
			children = (
				44D516621B0384B800592221 /* Conguration.swift */,
			);
			path = Helpers;
			sourceTree = "<group>";
		};
		44D515ED1B0381F100592221 /* Vendors */ = {
			isa = PBXGroup;
			children = (
				44D515FE1B03836600592221 /* KYCircularProgress.swift */,
				44D516331B03848B00592221 /* ShareSDK */,
			);
			path = Vendors;
			sourceTree = "<group>";
		};
		44D515EE1B0381F100592221 /* Views */ = {
			isa = PBXGroup;
			children = (
				442CA9221B05F7C4003B73B3 /* CustomTransition */,
				44D515F61B03834300592221 /* RingSelectView.swift */,
				44D515F71B03834300592221 /* RingSelectView.xib */,
				44D515F81B03834300592221 /* TimeSettingView.swift */,
				44D515F91B03834300592221 /* TimeSettingView.xib */,
				442CA92F1B05FBF5003B73B3 /* TimeSetModalViewController.swift */,
				442CA9311B05FC2F003B73B3 /* RingSetModalViewController.swift */,
			);
			path = Views;
			sourceTree = "<group>";
		};
		44D515EF1B0381F100592221 /* Macros */ = {
			isa = PBXGroup;
			children = (
				44D5160C1B0383BC00592221 /* Macros.swift */,
			);
			path = Macros;
			sourceTree = "<group>";
		};
		44D515F01B0381F100592221 /* Resources */ = {
			isa = PBXGroup;
			children = (
				44EAC79C1A27ECAB00B461E2 /* Main.storyboard */,
				44D516661B03851200592221 /* Images.xcassets */,
				44D5160E1B03842C00592221 /* Rings */,
			);
			path = Resources;
			sourceTree = "<group>";
		};
		44D515F11B0381F100592221 /* Sections */ = {
			isa = PBXGroup;
			children = (
				44D516001B03839B00592221 /* AboutViewController.swift */,
				44D516011B03839B00592221 /* CheckViewController.swift */,
				44D516021B03839B00592221 /* RestViewController.swift */,
				44D516031B03839B00592221 /* SettingViewController.swift */,
				44D516041B03839B00592221 /* TomatoViewController.swift */,
				44D516051B03839B00592221 /* ViewController.swift */,
			);
			path = Sections;
			sourceTree = "<group>";
		};
		44D515F21B03822500592221 /* OC */ = {
			isa = PBXGroup;
			children = (
				442CA94B1B062105003B73B3 /* DismissingAnimator.h */,
				442CA94C1B062105003B73B3 /* DismissingAnimator.m */,
				442CA94D1B062105003B73B3 /* PresentingAnimator.h */,
				442CA94E1B062105003B73B3 /* PresentingAnimator.m */,
				44D516681B03857C00592221 /* TomatoClock-Bridging-Header.h */,
				44D515F31B03830C00592221 /* ShowShareSDK.h */,
				44D515F41B03830C00592221 /* ShowShareSDK.m */,
			);
			path = OC;
			sourceTree = "<group>";
		};
		44D5160E1B03842C00592221 /* Rings */ = {
			isa = PBXGroup;
			children = (
				44D516311B03844A00592221 /* sound.plist */,
				44D5160F1B03842C00592221 /* Alarm.m4r */,
				44D516101B03842C00592221 /* Apex.m4r */,
				44D516111B03842C00592221 /* Ascending.m4r */,
				44D516121B03842C00592221 /* Bark.m4r */,
				44D516131B03842C00592221 /* Beacon.m4r */,
				44D516141B03842C00592221 /* BellTower.m4r */,
				44D516151B03842C00592221 /* Blues.m4r */,
				44D516161B03842C00592221 /* Boing.m4r */,
				44D516171B03842C00592221 /* Bulletin.m4r */,
				44D516181B03842C00592221 /* ByTheSeaside.m4r */,
				44D516191B03842C00592221 /* Chimes.m4r */,
				44D5161A1B03842C00592221 /* Circuit.m4r */,
				44D5161B1B03842C00592221 /* Constellation.m4r */,
				44D5161C1B03842C00592221 /* Cosmic.m4r */,
				44D5161D1B03842C00592221 /* Crickets.m4r */,
				44D5161E1B03842C00592221 /* Crystals.m4r */,
				44D5161F1B03842C00592221 /* Digital.m4r */,
			);
			path = Rings;
			sourceTree = "<group>";
		};
		44D516331B03848B00592221 /* ShareSDK */ = {
			isa = PBXGroup;
			children = (
				44D516341B03848B00592221 /* Connection */,
				44D516381B03848B00592221 /* Core */,
				44D5163F1B03848B00592221 /* Extend */,
				44D5164B1B03848B00592221 /* icon_76.png */,
				44D5164C1B03848B00592221 /* ShareSDK.framework */,
				44D5164D1B03848B00592221 /* UI */,
			);
			path = ShareSDK;
			sourceTree = "<group>";
		};
		44D516341B03848B00592221 /* Connection */ = {
			isa = PBXGroup;
			children = (
				44D516351B03848B00592221 /* QZoneConnection.framework */,
				44D516361B03848B00592221 /* SinaWeiboConnection.framework */,
				44D516371B03848B00592221 /* WeChatConnection.framework */,
			);
			path = Connection;
			sourceTree = "<group>";
		};
		44D516381B03848B00592221 /* Core */ = {
			isa = PBXGroup;
			children = (
				44D516391B03848B00592221 /* AGCommon.framework */,
				44D5163A1B03848B00592221 /* ShareSDKLocalizable.strings */,
				44D5163C1B03848B00592221 /* Resource.bundle */,
				44D5163D1B03848B00592221 /* ShareSDKCoreService.framework */,
			);
			path = Core;
			sourceTree = "<group>";
		};
		44D5163F1B03848B00592221 /* Extend */ = {
			isa = PBXGroup;
			children = (
				44D516401B03848B00592221 /* QQConnectSDK */,
				44D516431B03848B00592221 /* SinaWeiboSDK */,
				44D516471B03848B00592221 /* WeChatSDK */,
			);
			path = Extend;
			sourceTree = "<group>";
		};
		44D516401B03848B00592221 /* QQConnectSDK */ = {
			isa = PBXGroup;
			children = (
				44D516411B03848B00592221 /* TencentOpenAPI.framework */,
				44D516421B03848B00592221 /* TencentOpenApi_IOS_Bundle.bundle */,
			);
			path = QQConnectSDK;
			sourceTree = "<group>";
		};
		44D516431B03848B00592221 /* SinaWeiboSDK */ = {
			isa = PBXGroup;
			children = (
				44D516441B03848B00592221 /* libWeiboSDK.a */,
				44D516451B03848B00592221 /* WeiboSDK.bundle */,
				44D516461B03848B00592221 /* WeiboSDK.h */,
			);
			path = SinaWeiboSDK;
			sourceTree = "<group>";
		};
		44D516471B03848B00592221 /* WeChatSDK */ = {
			isa = PBXGroup;
			children = (
				44D516481B03848B00592221 /* libWeChatSDK.a */,
				44D516491B03848B00592221 /* WXApi.h */,
				44D5164A1B03848B00592221 /* WXApiObject.h */,
			);
			path = WeChatSDK;
			sourceTree = "<group>";
		};
		44D5164D1B03848B00592221 /* UI */ = {
			isa = PBXGroup;
			children = (
				44D5164E1B03848B00592221 /* ShareSDKFlatShareViewUI.bundle */,
				44D5164F1B03848B00592221 /* ShareSDKFlatShareViewUI.framework */,
				44D516501B03848B00592221 /* ShareSDKShareActionSheet.framework */,
			);
			path = UI;
			sourceTree = "<group>";
		};
		44EAC78A1A27ECAB00B461E2 = {
			isa = PBXGroup;
			children = (
				44EAC7951A27ECAB00B461E2 /* TomatoClock */,
				44A7CAFD1AB82D2D0008E587 /* Frameworks */,
				44EAC7AB1A27ECAB00B461E2 /* TomatoClockTests */,
				44EAC7941A27ECAB00B461E2 /* Products */,
				CB48C48A7FC0813BAD5D8A5C /* Pods */,
			);
			sourceTree = "<group>";
		};
		44EAC7941A27ECAB00B461E2 /* Products */ = {
			isa = PBXGroup;
			children = (
				44EAC7931A27ECAB00B461E2 /* TomatoClock.app */,
				44EAC7A81A27ECAB00B461E2 /* TomatoClockTests.xctest */,
			);
			name = Products;
			sourceTree = "<group>";
		};
		44EAC7951A27ECAB00B461E2 /* TomatoClock */ = {
			isa = PBXGroup;
			children = (
				44EAC7981A27ECAB00B461E2 /* AppDelegate.swift */,
				44D515EB1B0381F100592221 /* General */,
				44D515EF1B0381F100592221 /* Macros */,
				44D515F11B0381F100592221 /* Sections */,
				44D515F01B0381F100592221 /* Resources */,
				44EAC7961A27ECAB00B461E2 /* Supporting Files */,
			);
			path = TomatoClock;
			sourceTree = "<group>";
		};
		44EAC7961A27ECAB00B461E2 /* Supporting Files */ = {
			isa = PBXGroup;
			children = (
				44EAC7971A27ECAB00B461E2 /* Info.plist */,
			);
			name = "Supporting Files";
			sourceTree = "<group>";
		};
		44EAC7AB1A27ECAB00B461E2 /* TomatoClockTests */ = {
			isa = PBXGroup;
			children = (
				44EAC7AE1A27ECAB00B461E2 /* TomatoClockTests.swift */,
				44EAC7AC1A27ECAB00B461E2 /* Supporting Files */,
			);
			path = TomatoClockTests;
			sourceTree = "<group>";
		};
		44EAC7AC1A27ECAB00B461E2 /* Supporting Files */ = {
			isa = PBXGroup;
			children = (
				44EAC7AD1A27ECAB00B461E2 /* Info.plist */,
			);
			name = "Supporting Files";
			sourceTree = "<group>";
		};
		CB48C48A7FC0813BAD5D8A5C /* Pods */ = {
			isa = PBXGroup;
			children = (
				00DAFCB1DE2EF02CAC7D6CCE /* Pods-TomatoClock.debug.xcconfig */,
				764D114E2618F123FD5E9DB8 /* Pods-TomatoClock.release.xcconfig */,
			);
			name = Pods;
			sourceTree = "<group>";
		};
/* End PBXGroup section */

/* Begin PBXNativeTarget section */
		44EAC7921A27ECAB00B461E2 /* TomatoClock */ = {
			isa = PBXNativeTarget;
			buildConfigurationList = 44EAC7B21A27ECAB00B461E2 /* Build configuration list for PBXNativeTarget "TomatoClock" */;
			buildPhases = (
				C5BEDFD412071A252E558287 /* Check Pods Manifest.lock */,
				44EAC78F1A27ECAB00B461E2 /* Sources */,
				44EAC7901A27ECAB00B461E2 /* Frameworks */,
				44EAC7911A27ECAB00B461E2 /* Resources */,
				F2BBFF945342365525EC5037 /* Embed Pods Frameworks */,
				719ED8F7F38440F8992C1F84 /* Copy Pods Resources */,
			);
			buildRules = (
			);
			dependencies = (
			);
			name = TomatoClock;
			productName = TomatoClock;
			productReference = 44EAC7931A27ECAB00B461E2 /* TomatoClock.app */;
			productType = "com.apple.product-type.application";
		};
		44EAC7A71A27ECAB00B461E2 /* TomatoClockTests */ = {
			isa = PBXNativeTarget;
			buildConfigurationList = 44EAC7B51A27ECAB00B461E2 /* Build configuration list for PBXNativeTarget "TomatoClockTests" */;
			buildPhases = (
				44EAC7A41A27ECAB00B461E2 /* Sources */,
				44EAC7A51A27ECAB00B461E2 /* Frameworks */,
				44EAC7A61A27ECAB00B461E2 /* Resources */,
			);
			buildRules = (
			);
			dependencies = (
				44EAC7AA1A27ECAB00B461E2 /* PBXTargetDependency */,
			);
			name = TomatoClockTests;
			productName = TomatoClockTests;
			productReference = 44EAC7A81A27ECAB00B461E2 /* TomatoClockTests.xctest */;
			productType = "com.apple.product-type.bundle.unit-test";
		};
/* End PBXNativeTarget section */

/* Begin PBXProject section */
		44EAC78B1A27ECAB00B461E2 /* Project object */ = {
			isa = PBXProject;
			attributes = {
				LastUpgradeCheck = 0610;
				ORGANIZATIONNAME = "胡晓桥";
				TargetAttributes = {
					44EAC7921A27ECAB00B461E2 = {
						CreatedOnToolsVersion = 6.1;
						DevelopmentTeam = 5E5FWD9E6E;
					};
					44EAC7A71A27ECAB00B461E2 = {
						CreatedOnToolsVersion = 6.1;
						DevelopmentTeam = 5E5FWD9E6E;
						TestTargetID = 44EAC7921A27ECAB00B461E2;
					};
				};
			};
			buildConfigurationList = 44EAC78E1A27ECAB00B461E2 /* Build configuration list for PBXProject "TomatoClock" */;
			compatibilityVersion = "Xcode 3.2";
			developmentRegion = English;
			hasScannedForEncodings = 0;
			knownRegions = (
				en,
				Base,
				"zh-Hans",
			);
			mainGroup = 44EAC78A1A27ECAB00B461E2;
			productRefGroup = 44EAC7941A27ECAB00B461E2 /* Products */;
			projectDirPath = "";
			projectRoot = "";
			targets = (
				44EAC7921A27ECAB00B461E2 /* TomatoClock */,
				44EAC7A71A27ECAB00B461E2 /* TomatoClockTests */,
			);
		};
/* End PBXProject section */

/* Begin PBXResourcesBuildPhase section */
		44EAC7911A27ECAB00B461E2 /* Resources */ = {
			isa = PBXResourcesBuildPhase;
			buildActionMask = 2147483647;
			files = (
				44D515FD1B03834300592221 /* TimeSettingView.xib in Resources */,
				44D516271B03842C00592221 /* Boing.m4r in Resources */,
				44D5165F1B03848C00592221 /* ShareSDKFlatShareViewUI.bundle in Resources */,
				44D516221B03842C00592221 /* Ascending.m4r in Resources */,
				44D516241B03842C00592221 /* Beacon.m4r in Resources */,
				44D516251B03842C00592221 /* BellTower.m4r in Resources */,
				44D516231B03842C00592221 /* Bark.m4r in Resources */,
				44D516201B03842C00592221 /* Alarm.m4r in Resources */,
				44D5162C1B03842C00592221 /* Constellation.m4r in Resources */,
				44D516671B03851200592221 /* Images.xcassets in Resources */,
				44D516291B03842C00592221 /* ByTheSeaside.m4r in Resources */,
				44D5165B1B03848C00592221 /* WeiboSDK.bundle in Resources */,
				44D516261B03842C00592221 /* Blues.m4r in Resources */,
				44D5162D1B03842C00592221 /* Cosmic.m4r in Resources */,
				44D515FB1B03834300592221 /* RingSelectView.xib in Resources */,
				44D516281B03842C00592221 /* Bulletin.m4r in Resources */,
				44D5162B1B03842C00592221 /* Circuit.m4r in Resources */,
				44D5162A1B03842C00592221 /* Chimes.m4r in Resources */,
				44D516561B03848C00592221 /* Resource.bundle in Resources */,
				44D516301B03842C00592221 /* Digital.m4r in Resources */,
				44EAC79E1A27ECAB00B461E2 /* Main.storyboard in Resources */,
				44D516591B03848C00592221 /* TencentOpenApi_IOS_Bundle.bundle in Resources */,
				44D516211B03842C00592221 /* Apex.m4r in Resources */,
				44D5162E1B03842C00592221 /* Crickets.m4r in Resources */,
				44D5165D1B03848C00592221 /* icon_76.png in Resources */,
				44D5162F1B03842C00592221 /* Crystals.m4r in Resources */,
				44D516321B03844A00592221 /* sound.plist in Resources */,
				44D516551B03848C00592221 /* ShareSDKLocalizable.strings in Resources */,
			);
			runOnlyForDeploymentPostprocessing = 0;
		};
		44EAC7A61A27ECAB00B461E2 /* Resources */ = {
			isa = PBXResourcesBuildPhase;
			buildActionMask = 2147483647;
			files = (
			);
			runOnlyForDeploymentPostprocessing = 0;
		};
/* End PBXResourcesBuildPhase section */

/* Begin PBXShellScriptBuildPhase section */
		719ED8F7F38440F8992C1F84 /* Copy Pods Resources */ = {
			isa = PBXShellScriptBuildPhase;
			buildActionMask = 2147483647;
			files = (
			);
			inputPaths = (
			);
			name = "Copy Pods Resources";
			outputPaths = (
			);
			runOnlyForDeploymentPostprocessing = 0;
			shellPath = /bin/sh;
			shellScript = "\"${SRCROOT}/Pods/Target Support Files/Pods-TomatoClock/Pods-TomatoClock-resources.sh\"\n";
			showEnvVarsInLog = 0;
		};
		C5BEDFD412071A252E558287 /* Check Pods Manifest.lock */ = {
			isa = PBXShellScriptBuildPhase;
			buildActionMask = 2147483647;
			files = (
			);
			inputPaths = (
			);
			name = "Check Pods Manifest.lock";
			outputPaths = (
			);
			runOnlyForDeploymentPostprocessing = 0;
			shellPath = /bin/sh;
			shellScript = "diff \"${PODS_ROOT}/../Podfile.lock\" \"${PODS_ROOT}/Manifest.lock\" > /dev/null\nif [[ $? != 0 ]] ; then\n    cat << EOM\nerror: The sandbox is not in sync with the Podfile.lock. Run 'pod install' or update your CocoaPods installation.\nEOM\n    exit 1\nfi\n";
			showEnvVarsInLog = 0;
		};
		F2BBFF945342365525EC5037 /* Embed Pods Frameworks */ = {
			isa = PBXShellScriptBuildPhase;
			buildActionMask = 2147483647;
			files = (
			);
			inputPaths = (
			);
			name = "Embed Pods Frameworks";
			outputPaths = (
			);
			runOnlyForDeploymentPostprocessing = 0;
			shellPath = /bin/sh;
			shellScript = "\"${SRCROOT}/Pods/Target Support Files/Pods-TomatoClock/Pods-TomatoClock-frameworks.sh\"\n";
			showEnvVarsInLog = 0;
		};
/* End PBXShellScriptBuildPhase section */

/* Begin PBXSourcesBuildPhase section */
		44EAC78F1A27ECAB00B461E2 /* Sources */ = {
			isa = PBXSourcesBuildPhase;
			buildActionMask = 2147483647;
			files = (
				44D5160A1B03839B00592221 /* TomatoViewController.swift in Sources */,
				44D515FC1B03834300592221 /* TimeSettingView.swift in Sources */,
				44D516091B03839B00592221 /* SettingViewController.swift in Sources */,
				44D515F51B03830C00592221 /* ShowShareSDK.m in Sources */,
				44D516081B03839B00592221 /* RestViewController.swift in Sources */,
				44D516631B0384B800592221 /* Conguration.swift in Sources */,
				442CA9301B05FBF5003B73B3 /* TimeSetModalViewController.swift in Sources */,
				442CA9501B062105003B73B3 /* PresentingAnimator.m in Sources */,
				442CA9261B05F7E7003B73B3 /* ModalViewController.swift in Sources */,
				44D515FF1B03836600592221 /* KYCircularProgress.swift in Sources */,
				44D515FA1B03834300592221 /* RingSelectView.swift in Sources */,
				44EAC7991A27ECAB00B461E2 /* AppDelegate.swift in Sources */,
				44D5160B1B03839B00592221 /* ViewController.swift in Sources */,
				44D516071B03839B00592221 /* CheckViewController.swift in Sources */,
				44D5160D1B0383BC00592221 /* Macros.swift in Sources */,
				442CA9331B05FC2F003B73B3 /* RingSetModalViewController.swift in Sources */,
				44D516061B03839B00592221 /* AboutViewController.swift in Sources */,
				442CA94F1B062105003B73B3 /* DismissingAnimator.m in Sources */,
			);
			runOnlyForDeploymentPostprocessing = 0;
		};
		44EAC7A41A27ECAB00B461E2 /* Sources */ = {
			isa = PBXSourcesBuildPhase;
			buildActionMask = 2147483647;
			files = (
				44EAC7AF1A27ECAB00B461E2 /* TomatoClockTests.swift in Sources */,
			);
			runOnlyForDeploymentPostprocessing = 0;
		};
/* End PBXSourcesBuildPhase section */

/* Begin PBXTargetDependency section */
		44EAC7AA1A27ECAB00B461E2 /* PBXTargetDependency */ = {
			isa = PBXTargetDependency;
			target = 44EAC7921A27ECAB00B461E2 /* TomatoClock */;
			targetProxy = 44EAC7A91A27ECAB00B461E2 /* PBXContainerItemProxy */;
		};
/* End PBXTargetDependency section */

/* Begin PBXVariantGroup section */
		44D5163A1B03848B00592221 /* ShareSDKLocalizable.strings */ = {
			isa = PBXVariantGroup;
			children = (
				44D5163B1B03848B00592221 /* en */,
				44D5163E1B03848B00592221 /* zh-Hans */,
			);
			name = ShareSDKLocalizable.strings;
			sourceTree = "<group>";
		};
		44EAC79C1A27ECAB00B461E2 /* Main.storyboard */ = {
			isa = PBXVariantGroup;
			children = (
				44EAC79D1A27ECAB00B461E2 /* Base */,
			);
			name = Main.storyboard;
			path = ..;
			sourceTree = "<group>";
		};
/* End PBXVariantGroup section */

/* Begin XCBuildConfiguration section */
		44EAC7B01A27ECAB00B461E2 /* Debug */ = {
			isa = XCBuildConfiguration;
			buildSettings = {
				ALWAYS_SEARCH_USER_PATHS = NO;
				CLANG_CXX_LANGUAGE_STANDARD = "gnu++0x";
				CLANG_CXX_LIBRARY = "libc++";
				CLANG_ENABLE_MODULES = YES;
				CLANG_ENABLE_OBJC_ARC = YES;
				CLANG_WARN_BOOL_CONVERSION = YES;
				CLANG_WARN_CONSTANT_CONVERSION = YES;
				CLANG_WARN_DIRECT_OBJC_ISA_USAGE = YES_ERROR;
				CLANG_WARN_EMPTY_BODY = YES;
				CLANG_WARN_ENUM_CONVERSION = YES;
				CLANG_WARN_INT_CONVERSION = YES;
				CLANG_WARN_OBJC_ROOT_CLASS = YES_ERROR;
				CLANG_WARN_UNREACHABLE_CODE = YES;
				CLANG_WARN__DUPLICATE_METHOD_MATCH = YES;
				CODE_SIGN_IDENTITY = "iPhone Developer";
				"CODE_SIGN_IDENTITY[sdk=iphoneos*]" = "iPhone Developer";
				COPY_PHASE_STRIP = NO;
				ENABLE_STRICT_OBJC_MSGSEND = YES;
				GCC_C_LANGUAGE_STANDARD = gnu99;
				GCC_DYNAMIC_NO_PIC = NO;
				GCC_OPTIMIZATION_LEVEL = 0;
				GCC_PREPROCESSOR_DEFINITIONS = (
					"DEBUG=1",
					"$(inherited)",
				);
				GCC_SYMBOLS_PRIVATE_EXTERN = NO;
				GCC_WARN_64_TO_32_BIT_CONVERSION = YES;
				GCC_WARN_ABOUT_RETURN_TYPE = YES_ERROR;
				GCC_WARN_UNDECLARED_SELECTOR = YES;
				GCC_WARN_UNINITIALIZED_AUTOS = YES_AGGRESSIVE;
				GCC_WARN_UNUSED_FUNCTION = YES;
				GCC_WARN_UNUSED_VARIABLE = YES;
				IPHONEOS_DEPLOYMENT_TARGET = 8.0;
				MTL_ENABLE_DEBUG_INFO = YES;
				ONLY_ACTIVE_ARCH = YES;
				PROVISIONING_PROFILE = "";
				SDKROOT = iphoneos;
				SWIFT_OPTIMIZATION_LEVEL = "-Onone";
				TARGETED_DEVICE_FAMILY = "1,2";
			};
			name = Debug;
		};
		44EAC7B11A27ECAB00B461E2 /* Release */ = {
			isa = XCBuildConfiguration;
			buildSettings = {
				ALWAYS_SEARCH_USER_PATHS = NO;
				CLANG_CXX_LANGUAGE_STANDARD = "gnu++0x";
				CLANG_CXX_LIBRARY = "libc++";
				CLANG_ENABLE_MODULES = YES;
				CLANG_ENABLE_OBJC_ARC = YES;
				CLANG_WARN_BOOL_CONVERSION = YES;
				CLANG_WARN_CONSTANT_CONVERSION = YES;
				CLANG_WARN_DIRECT_OBJC_ISA_USAGE = YES_ERROR;
				CLANG_WARN_EMPTY_BODY = YES;
				CLANG_WARN_ENUM_CONVERSION = YES;
				CLANG_WARN_INT_CONVERSION = YES;
				CLANG_WARN_OBJC_ROOT_CLASS = YES_ERROR;
				CLANG_WARN_UNREACHABLE_CODE = YES;
				CLANG_WARN__DUPLICATE_METHOD_MATCH = YES;
				CODE_SIGN_IDENTITY = "iPhone Developer";
				"CODE_SIGN_IDENTITY[sdk=iphoneos*]" = "iPhone Developer";
				COPY_PHASE_STRIP = YES;
				ENABLE_NS_ASSERTIONS = NO;
				ENABLE_STRICT_OBJC_MSGSEND = YES;
				GCC_C_LANGUAGE_STANDARD = gnu99;
				GCC_WARN_64_TO_32_BIT_CONVERSION = YES;
				GCC_WARN_ABOUT_RETURN_TYPE = YES_ERROR;
				GCC_WARN_UNDECLARED_SELECTOR = YES;
				GCC_WARN_UNINITIALIZED_AUTOS = YES_AGGRESSIVE;
				GCC_WARN_UNUSED_FUNCTION = YES;
				GCC_WARN_UNUSED_VARIABLE = YES;
				IPHONEOS_DEPLOYMENT_TARGET = 8.0;
				MTL_ENABLE_DEBUG_INFO = NO;
				PROVISIONING_PROFILE = "";
				SDKROOT = iphoneos;
				TARGETED_DEVICE_FAMILY = "1,2";
				VALIDATE_PRODUCT = YES;
			};
			name = Release;
		};
		44EAC7B31A27ECAB00B461E2 /* Debug */ = {
			isa = XCBuildConfiguration;
			baseConfigurationReference = 00DAFCB1DE2EF02CAC7D6CCE /* Pods-TomatoClock.debug.xcconfig */;
			buildSettings = {
				ASSETCATALOG_COMPILER_APPICON_NAME = AppIcon;
				CLANG_ALLOW_NON_MODULAR_INCLUDES_IN_FRAMEWORK_MODULES = YES;
				CLANG_CXX_LIBRARY = "libc++";
				CLANG_ENABLE_MODULES = YES;
				CODE_SIGN_IDENTITY = "iPhone Developer";
				"CODE_SIGN_IDENTITY[sdk=iphoneos*]" = "iPhone Developer";
				FRAMEWORK_SEARCH_PATHS = (
					"$(inherited)",
					"$(PROJECT_DIR)/ShareSDK/Connection",
					"$(PROJECT_DIR)/ShareSDK/Core",
					"$(PROJECT_DIR)/ShareSDK/Extend/QQConnectSDK",
					"$(PROJECT_DIR)/ShareSDK",
					"$(PROJECT_DIR)/ShareSDK/UI",
					"$(PROJECT_DIR)/TomatoClock/General/Vendors/ShareSDK/Connection",
					"$(PROJECT_DIR)/TomatoClock/General/Vendors/ShareSDK/Core",
					"$(PROJECT_DIR)/TomatoClock/General/Vendors/ShareSDK/Extend/QQConnectSDK",
					"$(PROJECT_DIR)/TomatoClock/General/Vendors/ShareSDK",
					"$(PROJECT_DIR)/TomatoClock/General/Vendors/ShareSDK/UI",
				);
				INFOPLIST_FILE = TomatoClock/Info.plist;
				IPHONEOS_DEPLOYMENT_TARGET = 8.0;
				LD_RUNPATH_SEARCH_PATHS = "$(inherited) @executable_path/Frameworks";
				LIBRARY_SEARCH_PATHS = (
					"$(inherited)",
					"$(PROJECT_DIR)/ShareSDK/Extend/SinaWeiboSDK",
					"$(PROJECT_DIR)/ShareSDK/Extend/WeChatSDK",
					"$(PROJECT_DIR)/TomatoClock/General/Vendors/ShareSDK/Extend/SinaWeiboSDK",
					"$(PROJECT_DIR)/TomatoClock/General/Vendors/ShareSDK/Extend/WeChatSDK",
				);
				PRODUCT_NAME = "$(TARGET_NAME)";
				PROVISIONING_PROFILE = "";
				SWIFT_OBJC_BRIDGING_HEADER = "TomatoClock/TomatoClock-Bridging-Header.h";
				SWIFT_OPTIMIZATION_LEVEL = "-Onone";
				TARGETED_DEVICE_FAMILY = 1;
			};
			name = Debug;
		};
		44EAC7B41A27ECAB00B461E2 /* Release */ = {
			isa = XCBuildConfiguration;
			baseConfigurationReference = 764D114E2618F123FD5E9DB8 /* Pods-TomatoClock.release.xcconfig */;
			buildSettings = {
				ASSETCATALOG_COMPILER_APPICON_NAME = AppIcon;
				CLANG_ALLOW_NON_MODULAR_INCLUDES_IN_FRAMEWORK_MODULES = YES;
				CLANG_CXX_LIBRARY = "libc++";
				CLANG_ENABLE_MODULES = YES;
				CODE_SIGN_IDENTITY = "iPhone Developer";
				"CODE_SIGN_IDENTITY[sdk=iphoneos*]" = "iPhone Developer";
				FRAMEWORK_SEARCH_PATHS = (
					"$(inherited)",
					"$(PROJECT_DIR)/ShareSDK/Connection",
					"$(PROJECT_DIR)/ShareSDK/Core",
					"$(PROJECT_DIR)/ShareSDK/Extend/QQConnectSDK",
					"$(PROJECT_DIR)/ShareSDK",
					"$(PROJECT_DIR)/ShareSDK/UI",
					"$(PROJECT_DIR)/TomatoClock/General/Vendors/ShareSDK/Connection",
					"$(PROJECT_DIR)/TomatoClock/General/Vendors/ShareSDK/Core",
					"$(PROJECT_DIR)/TomatoClock/General/Vendors/ShareSDK/Extend/QQConnectSDK",
					"$(PROJECT_DIR)/TomatoClock/General/Vendors/ShareSDK",
					"$(PROJECT_DIR)/TomatoClock/General/Vendors/ShareSDK/UI",
				);
				INFOPLIST_FILE = TomatoClock/Info.plist;
				IPHONEOS_DEPLOYMENT_TARGET = 8.0;
				LD_RUNPATH_SEARCH_PATHS = "$(inherited) @executable_path/Frameworks";
				LIBRARY_SEARCH_PATHS = (
					"$(inherited)",
					"$(PROJECT_DIR)/ShareSDK/Extend/SinaWeiboSDK",
					"$(PROJECT_DIR)/ShareSDK/Extend/WeChatSDK",
					"$(PROJECT_DIR)/TomatoClock/General/Vendors/ShareSDK/Extend/SinaWeiboSDK",
					"$(PROJECT_DIR)/TomatoClock/General/Vendors/ShareSDK/Extend/WeChatSDK",
				);
				ONLY_ACTIVE_ARCH = NO;
				PRODUCT_NAME = "$(TARGET_NAME)";
				PROVISIONING_PROFILE = "";
				SWIFT_OBJC_BRIDGING_HEADER = "TomatoClock/TomatoClock-Bridging-Header.h";
				TARGETED_DEVICE_FAMILY = 1;
			};
			name = Release;
		};
		44EAC7B61A27ECAB00B461E2 /* Debug */ = {
			isa = XCBuildConfiguration;
			buildSettings = {
				BUNDLE_LOADER = "$(TEST_HOST)";
				CODE_SIGN_IDENTITY = "iPhone Developer";
				"CODE_SIGN_IDENTITY[sdk=iphoneos*]" = "iPhone Developer";
				FRAMEWORK_SEARCH_PATHS = (
					"$(SDKROOT)/Developer/Library/Frameworks",
					"$(inherited)",
				);
				GCC_PREPROCESSOR_DEFINITIONS = (
					"DEBUG=1",
					"$(inherited)",
				);
				INFOPLIST_FILE = TomatoClockTests/Info.plist;
				LD_RUNPATH_SEARCH_PATHS = "$(inherited) @executable_path/Frameworks @loader_path/Frameworks";
				PRODUCT_NAME = "$(TARGET_NAME)";
				PROVISIONING_PROFILE = "";
				TEST_HOST = "$(BUILT_PRODUCTS_DIR)/TomatoClock.app/TomatoClock";
			};
			name = Debug;
		};
		44EAC7B71A27ECAB00B461E2 /* Release */ = {
			isa = XCBuildConfiguration;
			buildSettings = {
				BUNDLE_LOADER = "$(TEST_HOST)";
				CODE_SIGN_IDENTITY = "iPhone Developer";
				"CODE_SIGN_IDENTITY[sdk=iphoneos*]" = "iPhone Developer";
				FRAMEWORK_SEARCH_PATHS = (
					"$(SDKROOT)/Developer/Library/Frameworks",
					"$(inherited)",
				);
				INFOPLIST_FILE = TomatoClockTests/Info.plist;
				LD_RUNPATH_SEARCH_PATHS = "$(inherited) @executable_path/Frameworks @loader_path/Frameworks";
				PRODUCT_NAME = "$(TARGET_NAME)";
				PROVISIONING_PROFILE = "";
				TEST_HOST = "$(BUILT_PRODUCTS_DIR)/TomatoClock.app/TomatoClock";
			};
			name = Release;
		};
/* End XCBuildConfiguration section */

/* Begin XCConfigurationList section */
		44EAC78E1A27ECAB00B461E2 /* Build configuration list for PBXProject "TomatoClock" */ = {
			isa = XCConfigurationList;
			buildConfigurations = (
				44EAC7B01A27ECAB00B461E2 /* Debug */,
				44EAC7B11A27ECAB00B461E2 /* Release */,
			);
			defaultConfigurationIsVisible = 0;
			defaultConfigurationName = Release;
		};
		44EAC7B21A27ECAB00B461E2 /* Build configuration list for PBXNativeTarget "TomatoClock" */ = {
			isa = XCConfigurationList;
			buildConfigurations = (
				44EAC7B31A27ECAB00B461E2 /* Debug */,
				44EAC7B41A27ECAB00B461E2 /* Release */,
			);
			defaultConfigurationIsVisible = 0;
			defaultConfigurationName = Release;
		};
		44EAC7B51A27ECAB00B461E2 /* Build configuration list for PBXNativeTarget "TomatoClockTests" */ = {
			isa = XCConfigurationList;
			buildConfigurations = (
				44EAC7B61A27ECAB00B461E2 /* Debug */,
				44EAC7B71A27ECAB00B461E2 /* Release */,
			);
			defaultConfigurationIsVisible = 0;
			defaultConfigurationName = Release;
		};
/* End XCConfigurationList section */
	};
	rootObject = 44EAC78B1A27ECAB00B461E2 /* Project object */;
}
